{
  "name": "@darkwolf/timestamp",
  "version": "1.0.4",
  "lockfileVersion": 1,
  "requires": true,
  "dependencies": {
    "@darkwolf/duration": {
      "version": "1.1.2",
      "resolved": "https://registry.npmjs.org/@darkwolf/duration/-/duration-1.1.2.tgz",
      "integrity": "sha512-YB3for3k7BJNB56K527SZtASxe0vrh6YlIV0q806WtffKcd5+5r9kK7GOL+1ZZezlNZuh6wzSmb12I7IqvcaOA==",
      "requires": {
        "@darkwolf/primordials": "^1.2.1"
      }
    },
    "@darkwolf/primordials": {
      "version": "1.2.1",
      "resolved": "https://registry.npmjs.org/@darkwolf/primordials/-/primordials-1.2.1.tgz",
      "integrity": "sha512-62loW0O1/Iu7ts8U9me7oI3p2g7HHtVib7ISkRcLpvZS1q0U8x03UPDKkScYYKJukDf3d2Ns27EKnW/HJbm8Ag=="
    }
  }
}
