{
  "name": "@darkwolf/timestamp",
  "version": "1.0.6",
  "lockfileVersion": 1,
  "requires": true,
  "dependencies": {
    "@darkwolf/duration": {
      "version": "1.1.3",
      "resolved": "https://registry.npmjs.org/@darkwolf/duration/-/duration-1.1.3.tgz",
      "integrity": "sha512-EnkR8UDbm7tLjQQnsjis71HKKLEQipySGH1ha1tQE4zto+A0lmQju6pOion/AnVOyzRV1jT5n70PMmCyFlH8Rw==",
      "requires": {
        "@darkwolf/primordials": "^1.2.1"
      }
    },
    "@darkwolf/primordials": {
      "version": "1.2.1",
      "resolved": "https://registry.npmjs.org/@darkwolf/primordials/-/primordials-1.2.1.tgz",
      "integrity": "sha512-62loW0O1/Iu7ts8U9me7oI3p2g7HHtVib7ISkRcLpvZS1q0U8x03UPDKkScYYKJukDf3d2Ns27EKnW/HJbm8Ag=="
    }
  }
}
